// !$*UTF8*$!
{
	archiveVersion = 1;
	classes = {
	};
	objectVersion = 46;
	objects = {

/* Begin PBXBuildFile section */
		A50E797E1EB7D1A2006E4521 /* MembershipViewController.swift in Sources */ = {isa = PBXBuildFile; fileRef = A50E797D1EB7D1A2006E4521 /* MembershipViewController.swift */; };
		A50E79801EB7D855006E4521 /* ReservationDetailsViewController.swift in Sources */ = {isa = PBXBuildFile; fileRef = A50E797F1EB7D855006E4521 /* ReservationDetailsViewController.swift */; };
		A50E79851EB7DD88006E4521 /* Reservation.swift in Sources */ = {isa = PBXBuildFile; fileRef = A50E79841EB7DD88006E4521 /* Reservation.swift */; };
		A50E79871EB7DD9E006E4521 /* Membership.swift in Sources */ = {isa = PBXBuildFile; fileRef = A50E79861EB7DD9E006E4521 /* Membership.swift */; };
		A53B77411EAAA1880076C10D /* ReservationCell.swift in Sources */ = {isa = PBXBuildFile; fileRef = A53B77401EAAA1880076C10D /* ReservationCell.swift */; };
		A5665DF11EB7A232001AC32D /* MainViewController.swift in Sources */ = {isa = PBXBuildFile; fileRef = A5665DF01EB7A232001AC32D /* MainViewController.swift */; };
		A569DD981EAA731000A32BBE /* AppDelegate.swift in Sources */ = {isa = PBXBuildFile; fileRef = A569DD971EAA731000A32BBE /* AppDelegate.swift */; };
		A569DD9A1EAA731000A32BBE /* ReservationViewController.swift in Sources */ = {isa = PBXBuildFile; fileRef = A569DD991EAA731000A32BBE /* ReservationViewController.swift */; };
		A569DD9F1EAA731000A32BBE /* Assets.xcassets in Resources */ = {isa = PBXBuildFile; fileRef = A569DD9E1EAA731000A32BBE /* Assets.xcassets */; };
		A569DDA21EAA731000A32BBE /* LaunchScreen.storyboard in Resources */ = {isa = PBXBuildFile; fileRef = A569DDA01EAA731000A32BBE /* LaunchScreen.storyboard */; };
		A57E18761EBA6B2300F8CA9C /* LoginViewController.swift in Sources */ = {isa = PBXBuildFile; fileRef = A57E18751EBA6B2300F8CA9C /* LoginViewController.swift */; };
		A596A6AC1EBBC02B008537E0 /* OpenSans-Bold.ttf in Resources */ = {isa = PBXBuildFile; fileRef = A596A6A21EBBC02B008537E0 /* OpenSans-Bold.ttf */; };
		A596A6AD1EBBC02B008537E0 /* OpenSans-BoldItalic.ttf in Resources */ = {isa = PBXBuildFile; fileRef = A596A6A31EBBC02B008537E0 /* OpenSans-BoldItalic.ttf */; };
		A596A6AE1EBBC02B008537E0 /* OpenSans-ExtraBold.ttf in Resources */ = {isa = PBXBuildFile; fileRef = A596A6A41EBBC02B008537E0 /* OpenSans-ExtraBold.ttf */; };
		A596A6AF1EBBC02B008537E0 /* OpenSans-ExtraBoldItalic.ttf in Resources */ = {isa = PBXBuildFile; fileRef = A596A6A51EBBC02B008537E0 /* OpenSans-ExtraBoldItalic.ttf */; };
		A596A6B01EBBC02B008537E0 /* OpenSans-Italic.ttf in Resources */ = {isa = PBXBuildFile; fileRef = A596A6A61EBBC02B008537E0 /* OpenSans-Italic.ttf */; };
		A596A6B11EBBC02B008537E0 /* OpenSans-Light.ttf in Resources */ = {isa = PBXBuildFile; fileRef = A596A6A71EBBC02B008537E0 /* OpenSans-Light.ttf */; };
		A596A6B21EBBC02B008537E0 /* OpenSans-LightItalic.ttf in Resources */ = {isa = PBXBuildFile; fileRef = A596A6A81EBBC02B008537E0 /* OpenSans-LightItalic.ttf */; };
		A596A6B31EBBC02B008537E0 /* OpenSans-Regular.ttf in Resources */ = {isa = PBXBuildFile; fileRef = A596A6A91EBBC02B008537E0 /* OpenSans-Regular.ttf */; };
		A596A6B41EBBC02B008537E0 /* OpenSans-Semibold.ttf in Resources */ = {isa = PBXBuildFile; fileRef = A596A6AA1EBBC02B008537E0 /* OpenSans-Semibold.ttf */; };
		A596A6B51EBBC02B008537E0 /* OpenSans-SemiboldItalic.ttf in Resources */ = {isa = PBXBuildFile; fileRef = A596A6AB1EBBC02B008537E0 /* OpenSans-SemiboldItalic.ttf */; };
		A5B024D21EBA3FE50073C681 /* ScrollingTabBarAnimation.swift in Sources */ = {isa = PBXBuildFile; fileRef = A5B024D11EBA3FE50073C681 /* ScrollingTabBarAnimation.swift */; };
		A5B024D41EBA4BDC0073C681 /* HelpViewController.swift in Sources */ = {isa = PBXBuildFile; fileRef = A5B024D31EBA4BDC0073C681 /* HelpViewController.swift */; };
/* End PBXBuildFile section */

/* Begin PBXFileReference section */
		A50E797D1EB7D1A2006E4521 /* MembershipViewController.swift */ = {isa = PBXFileReference; fileEncoding = 4; lastKnownFileType = sourcecode.swift; path = MembershipViewController.swift; sourceTree = "<group>"; };
		A50E797F1EB7D855006E4521 /* ReservationDetailsViewController.swift */ = {isa = PBXFileReference; fileEncoding = 4; lastKnownFileType = sourcecode.swift; path = ReservationDetailsViewController.swift; sourceTree = "<group>"; };
		A50E79841EB7DD88006E4521 /* Reservation.swift */ = {isa = PBXFileReference; fileEncoding = 4; lastKnownFileType = sourcecode.swift; path = Reservation.swift; sourceTree = "<group>"; };
		A50E79861EB7DD9E006E4521 /* Membership.swift */ = {isa = PBXFileReference; fileEncoding = 4; lastKnownFileType = sourcecode.swift; path = Membership.swift; sourceTree = "<group>"; };
		A53B77401EAAA1880076C10D /* ReservationCell.swift */ = {isa = PBXFileReference; fileEncoding = 4; lastKnownFileType = sourcecode.swift; path = ReservationCell.swift; sourceTree = "<group>"; };
		A5665DF01EB7A232001AC32D /* MainViewController.swift */ = {isa = PBXFileReference; fileEncoding = 4; lastKnownFileType = sourcecode.swift; path = MainViewController.swift; sourceTree = "<group>"; };
		A569DD941EAA731000A32BBE /* Global Discovery Vacation.app */ = {isa = PBXFileReference; explicitFileType = wrapper.application; includeInIndex = 0; path = "Global Discovery Vacation.app"; sourceTree = BUILT_PRODUCTS_DIR; };
		A569DD971EAA731000A32BBE /* AppDelegate.swift */ = {isa = PBXFileReference; lastKnownFileType = sourcecode.swift; path = AppDelegate.swift; sourceTree = "<group>"; };
		A569DD991EAA731000A32BBE /* ReservationViewController.swift */ = {isa = PBXFileReference; lastKnownFileType = sourcecode.swift; path = ReservationViewController.swift; sourceTree = "<group>"; };
		A569DD9E1EAA731000A32BBE /* Assets.xcassets */ = {isa = PBXFileReference; lastKnownFileType = folder.assetcatalog; path = Assets.xcassets; sourceTree = "<group>"; };
		A569DDA11EAA731000A32BBE /* Base */ = {isa = PBXFileReference; lastKnownFileType = file.storyboard; name = Base; path = Base.lproj/LaunchScreen.storyboard; sourceTree = "<group>"; };
		A569DDA31EAA731000A32BBE /* Info.plist */ = {isa = PBXFileReference; lastKnownFileType = text.plist.xml; path = Info.plist; sourceTree = "<group>"; };
		A57E18751EBA6B2300F8CA9C /* LoginViewController.swift */ = {isa = PBXFileReference; fileEncoding = 4; lastKnownFileType = sourcecode.swift; path = LoginViewController.swift; sourceTree = "<group>"; };
		A596A6A21EBBC02B008537E0 /* OpenSans-Bold.ttf */ = {isa = PBXFileReference; lastKnownFileType = file; path = "OpenSans-Bold.ttf"; sourceTree = "<group>"; };
		A596A6A31EBBC02B008537E0 /* OpenSans-BoldItalic.ttf */ = {isa = PBXFileReference; lastKnownFileType = file; path = "OpenSans-BoldItalic.ttf"; sourceTree = "<group>"; };
		A596A6A41EBBC02B008537E0 /* OpenSans-ExtraBold.ttf */ = {isa = PBXFileReference; lastKnownFileType = file; path = "OpenSans-ExtraBold.ttf"; sourceTree = "<group>"; };
		A596A6A51EBBC02B008537E0 /* OpenSans-ExtraBoldItalic.ttf */ = {isa = PBXFileReference; lastKnownFileType = file; path = "OpenSans-ExtraBoldItalic.ttf"; sourceTree = "<group>"; };
		A596A6A61EBBC02B008537E0 /* OpenSans-Italic.ttf */ = {isa = PBXFileReference; lastKnownFileType = file; path = "OpenSans-Italic.ttf"; sourceTree = "<group>"; };
		A596A6A71EBBC02B008537E0 /* OpenSans-Light.ttf */ = {isa = PBXFileReference; lastKnownFileType = file; path = "OpenSans-Light.ttf"; sourceTree = "<group>"; };
		A596A6A81EBBC02B008537E0 /* OpenSans-LightItalic.ttf */ = {isa = PBXFileReference; lastKnownFileType = file; path = "OpenSans-LightItalic.ttf"; sourceTree = "<group>"; };
		A596A6A91EBBC02B008537E0 /* OpenSans-Regular.ttf */ = {isa = PBXFileReference; lastKnownFileType = file; path = "OpenSans-Regular.ttf"; sourceTree = "<group>"; };
		A596A6AA1EBBC02B008537E0 /* OpenSans-Semibold.ttf */ = {isa = PBXFileReference; lastKnownFileType = file; path = "OpenSans-Semibold.ttf"; sourceTree = "<group>"; };
		A596A6AB1EBBC02B008537E0 /* OpenSans-SemiboldItalic.ttf */ = {isa = PBXFileReference; lastKnownFileType = file; path = "OpenSans-SemiboldItalic.ttf"; sourceTree = "<group>"; };
		A5B024D11EBA3FE50073C681 /* ScrollingTabBarAnimation.swift */ = {isa = PBXFileReference; fileEncoding = 4; lastKnownFileType = sourcecode.swift; path = ScrollingTabBarAnimation.swift; sourceTree = "<group>"; };
		A5B024D31EBA4BDC0073C681 /* HelpViewController.swift */ = {isa = PBXFileReference; fileEncoding = 4; lastKnownFileType = sourcecode.swift; path = HelpViewController.swift; sourceTree = "<group>"; };
/* End PBXFileReference section */

/* Begin PBXFrameworksBuildPhase section */
		A569DD911EAA731000A32BBE /* Frameworks */ = {
			isa = PBXFrameworksBuildPhase;
			buildActionMask = 2147483647;
			files = (
			);
			runOnlyForDeploymentPostprocessing = 0;
		};
/* End PBXFrameworksBuildPhase section */

/* Begin PBXGroup section */
		A50E79811EB7DD43006E4521 /* Model */ = {
			isa = PBXGroup;
			children = (
				A50E79841EB7DD88006E4521 /* Reservation.swift */,
				A50E79861EB7DD9E006E4521 /* Membership.swift */,
			);
			name = Model;
			sourceTree = "<group>";
		};
		A50E79821EB7DD4A006E4521 /* View */ = {
			isa = PBXGroup;
			children = (
				A53B77401EAAA1880076C10D /* ReservationCell.swift */,
				A5B024D11EBA3FE50073C681 /* ScrollingTabBarAnimation.swift */,
			);
			name = View;
			sourceTree = "<group>";
		};
		A50E79831EB7DD51006E4521 /* Controller */ = {
			isa = PBXGroup;
			children = (
				A5665DF01EB7A232001AC32D /* MainViewController.swift */,
				A50E797D1EB7D1A2006E4521 /* MembershipViewController.swift */,
				A569DD991EAA731000A32BBE /* ReservationViewController.swift */,
				A50E797F1EB7D855006E4521 /* ReservationDetailsViewController.swift */,
				A5B024D31EBA4BDC0073C681 /* HelpViewController.swift */,
				A57E18751EBA6B2300F8CA9C /* LoginViewController.swift */,
			);
			name = Controller;
			sourceTree = "<group>";
		};
		A569DD8B1EAA731000A32BBE = {
			isa = PBXGroup;
			children = (
				A569DD961EAA731000A32BBE /* Global Discovery Vacation */,
				A569DD951EAA731000A32BBE /* Products */,
			);
			sourceTree = "<group>";
		};
		A569DD951EAA731000A32BBE /* Products */ = {
			isa = PBXGroup;
			children = (
				A569DD941EAA731000A32BBE /* Global Discovery Vacation.app */,
			);
			name = Products;
			sourceTree = "<group>";
		};
		A569DD961EAA731000A32BBE /* Global Discovery Vacation */ = {
			isa = PBXGroup;
			children = (
				A596A6A01EBBBFE0008537E0 /* Resources */,
				A569DD971EAA731000A32BBE /* AppDelegate.swift */,
				A50E79831EB7DD51006E4521 /* Controller */,
				A50E79821EB7DD4A006E4521 /* View */,
				A50E79811EB7DD43006E4521 /* Model */,
				A569DD9E1EAA731000A32BBE /* Assets.xcassets */,
			);
			path = "Global Discovery Vacation";
			sourceTree = "<group>";
		};
		A596A6A01EBBBFE0008537E0 /* Resources */ = {
			isa = PBXGroup;
			children = (
				A569DDA01EAA731000A32BBE /* LaunchScreen.storyboard */,
				A569DDA31EAA731000A32BBE /* Info.plist */,
				A596A6A11EBBBFED008537E0 /* Fonts */,
			);
			name = Resources;
			sourceTree = "<group>";
		};
		A596A6A11EBBBFED008537E0 /* Fonts */ = {
			isa = PBXGroup;
			children = (
				A596A6A21EBBC02B008537E0 /* OpenSans-Bold.ttf */,
				A596A6A31EBBC02B008537E0 /* OpenSans-BoldItalic.ttf */,
				A596A6A41EBBC02B008537E0 /* OpenSans-ExtraBold.ttf */,
				A596A6A51EBBC02B008537E0 /* OpenSans-ExtraBoldItalic.ttf */,
				A596A6A61EBBC02B008537E0 /* OpenSans-Italic.ttf */,
				A596A6A71EBBC02B008537E0 /* OpenSans-Light.ttf */,
				A596A6A81EBBC02B008537E0 /* OpenSans-LightItalic.ttf */,
				A596A6A91EBBC02B008537E0 /* OpenSans-Regular.ttf */,
				A596A6AA1EBBC02B008537E0 /* OpenSans-Semibold.ttf */,
				A596A6AB1EBBC02B008537E0 /* OpenSans-SemiboldItalic.ttf */,
			);
			name = Fonts;
			sourceTree = "<group>";
		};
/* End PBXGroup section */

/* Begin PBXNativeTarget section */
		A569DD931EAA731000A32BBE /* Global Discovery Vacation */ = {
			isa = PBXNativeTarget;
			buildConfigurationList = A569DDA61EAA731000A32BBE /* Build configuration list for PBXNativeTarget "Global Discovery Vacation" */;
			buildPhases = (
				A569DD901EAA731000A32BBE /* Sources */,
				A569DD911EAA731000A32BBE /* Frameworks */,
				A569DD921EAA731000A32BBE /* Resources */,
			);
			buildRules = (
			);
			dependencies = (
			);
			name = "Global Discovery Vacation";
			productName = "Global Discovery Vacation";
			productReference = A569DD941EAA731000A32BBE /* Global Discovery Vacation.app */;
			productType = "com.apple.product-type.application";
		};
/* End PBXNativeTarget section */

/* Begin PBXProject section */
		A569DD8C1EAA731000A32BBE /* Project object */ = {
			isa = PBXProject;
			attributes = {
				LastSwiftUpdateCheck = 0830;
				LastUpgradeCheck = 0900;
				ORGANIZATIONNAME = "Global Connections, Inc.";
				TargetAttributes = {
					A569DD931EAA731000A32BBE = {
						CreatedOnToolsVersion = 8.3.2;
						DevelopmentTeam = P2ZWMZZ9ZS;
						LastSwiftMigration = 0900;
						ProvisioningStyle = Automatic;
					};
				};
			};
			buildConfigurationList = A569DD8F1EAA731000A32BBE /* Build configuration list for PBXProject "Global Discovery Vacation" */;
			compatibilityVersion = "Xcode 3.2";
			developmentRegion = English;
			hasScannedForEncodings = 0;
			knownRegions = (
				en,
				Base,
			);
			mainGroup = A569DD8B1EAA731000A32BBE;
			productRefGroup = A569DD951EAA731000A32BBE /* Products */;
			projectDirPath = "";
			projectRoot = "";
			targets = (
				A569DD931EAA731000A32BBE /* Global Discovery Vacation */,
			);
		};
/* End PBXProject section */

/* Begin PBXResourcesBuildPhase section */
		A569DD921EAA731000A32BBE /* Resources */ = {
			isa = PBXResourcesBuildPhase;
			buildActionMask = 2147483647;
			files = (
				A596A6B31EBBC02B008537E0 /* OpenSans-Regular.ttf in Resources */,
				A596A6B41EBBC02B008537E0 /* OpenSans-Semibold.ttf in Resources */,
				A569DDA21EAA731000A32BBE /* LaunchScreen.storyboard in Resources */,
				A596A6AF1EBBC02B008537E0 /* OpenSans-ExtraBoldItalic.ttf in Resources */,
				A596A6B51EBBC02B008537E0 /* OpenSans-SemiboldItalic.ttf in Resources */,
				A596A6B11EBBC02B008537E0 /* OpenSans-Light.ttf in Resources */,
				A569DD9F1EAA731000A32BBE /* Assets.xcassets in Resources */,
				A596A6AD1EBBC02B008537E0 /* OpenSans-BoldItalic.ttf in Resources */,
				A596A6AC1EBBC02B008537E0 /* OpenSans-Bold.ttf in Resources */,
				A596A6AE1EBBC02B008537E0 /* OpenSans-ExtraBold.ttf in Resources */,
				A596A6B01EBBC02B008537E0 /* OpenSans-Italic.ttf in Resources */,
				A596A6B21EBBC02B008537E0 /* OpenSans-LightItalic.ttf in Resources */,
			);
			runOnlyForDeploymentPostprocessing = 0;
		};
/* End PBXResourcesBuildPhase section */

/* Begin PBXSourcesBuildPhase section */
		A569DD901EAA731000A32BBE /* Sources */ = {
			isa = PBXSourcesBuildPhase;
			buildActionMask = 2147483647;
			files = (
				A50E797E1EB7D1A2006E4521 /* MembershipViewController.swift in Sources */,
				A53B77411EAAA1880076C10D /* ReservationCell.swift in Sources */,
				A50E79801EB7D855006E4521 /* ReservationDetailsViewController.swift in Sources */,
				A5B024D21EBA3FE50073C681 /* ScrollingTabBarAnimation.swift in Sources */,
				A569DD9A1EAA731000A32BBE /* ReservationViewController.swift in Sources */,
				A5B024D41EBA4BDC0073C681 /* HelpViewController.swift in Sources */,
				A5665DF11EB7A232001AC32D /* MainViewController.swift in Sources */,
				A50E79851EB7DD88006E4521 /* Reservation.swift in Sources */,
				A569DD981EAA731000A32BBE /* AppDelegate.swift in Sources */,
				A50E79871EB7DD9E006E4521 /* Membership.swift in Sources */,
				A57E18761EBA6B2300F8CA9C /* LoginViewController.swift in Sources */,
			);
			runOnlyForDeploymentPostprocessing = 0;
		};
/* End PBXSourcesBuildPhase section */

/* Begin PBXVariantGroup section */
		A569DDA01EAA731000A32BBE /* LaunchScreen.storyboard */ = {
			isa = PBXVariantGroup;
			children = (
				A569DDA11EAA731000A32BBE /* Base */,
			);
			name = LaunchScreen.storyboard;
			sourceTree = "<group>";
		};
/* End PBXVariantGroup section */

/* Begin XCBuildConfiguration section */
		A569DDA41EAA731000A32BBE /* Debug */ = {
			isa = XCBuildConfiguration;
			buildSettings = {
				ALWAYS_SEARCH_USER_PATHS = NO;
				CLANG_ANALYZER_NONNULL = YES;
				CLANG_ANALYZER_NUMBER_OBJECT_CONVERSION = YES_AGGRESSIVE;
				CLANG_CXX_LANGUAGE_STANDARD = "gnu++0x";
				CLANG_CXX_LIBRARY = "libc++";
				CLANG_ENABLE_MODULES = YES;
				CLANG_ENABLE_OBJC_ARC = YES;
				CLANG_WARN_BLOCK_CAPTURE_AUTORELEASING = YES;
				CLANG_WARN_BOOL_CONVERSION = YES;
				CLANG_WARN_COMMA = YES;
				CLANG_WARN_CONSTANT_CONVERSION = YES;
				CLANG_WARN_DIRECT_OBJC_ISA_USAGE = YES_ERROR;
				CLANG_WARN_DOCUMENTATION_COMMENTS = YES;
				CLANG_WARN_EMPTY_BODY = YES;
				CLANG_WARN_ENUM_CONVERSION = YES;
				CLANG_WARN_INFINITE_RECURSION = YES;
				CLANG_WARN_INT_CONVERSION = YES;
				CLANG_WARN_NON_LITERAL_NULL_CONVERSION = YES;
				CLANG_WARN_OBJC_LITERAL_CONVERSION = YES;
				CLANG_WARN_OBJC_ROOT_CLASS = YES_ERROR;
				CLANG_WARN_RANGE_LOOP_ANALYSIS = YES;
				CLANG_WARN_STRICT_PROTOTYPES = YES;
				CLANG_WARN_SUSPICIOUS_MOVE = YES;
				CLANG_WARN_UNREACHABLE_CODE = YES;
				CLANG_WARN__DUPLICATE_METHOD_MATCH = YES;
				"CODE_SIGN_IDENTITY[sdk=iphoneos*]" = "iPhone Developer";
				COPY_PHASE_STRIP = NO;
				DEBUG_INFORMATION_FORMAT = dwarf;
				ENABLE_STRICT_OBJC_MSGSEND = YES;
				ENABLE_TESTABILITY = YES;
				GCC_C_LANGUAGE_STANDARD = gnu99;
				GCC_DYNAMIC_NO_PIC = NO;
				GCC_NO_COMMON_BLOCKS = YES;
				GCC_OPTIMIZATION_LEVEL = 0;
				GCC_PREPROCESSOR_DEFINITIONS = (
					"DEBUG=1",
					"$(inherited)",
				);
				GCC_WARN_64_TO_32_BIT_CONVERSION = YES;
				GCC_WARN_ABOUT_RETURN_TYPE = YES_ERROR;
				GCC_WARN_UNDECLARED_SELECTOR = YES;
				GCC_WARN_UNINITIALIZED_AUTOS = YES_AGGRESSIVE;
				GCC_WARN_UNUSED_FUNCTION = YES;
				GCC_WARN_UNUSED_VARIABLE = YES;
				IPHONEOS_DEPLOYMENT_TARGET = 11.0;
				MTL_ENABLE_DEBUG_INFO = YES;
				ONLY_ACTIVE_ARCH = YES;
				SDKROOT = iphoneos;
				SWIFT_ACTIVE_COMPILATION_CONDITIONS = DEBUG;
				SWIFT_OPTIMIZATION_LEVEL = "-Onone";
				SWIFT_VERSION = "";
				TARGETED_DEVICE_FAMILY = "1,2";
			};
			name = Debug;
		};
		A569DDA51EAA731000A32BBE /* Release */ = {
			isa = XCBuildConfiguration;
			buildSettings = {
				ALWAYS_SEARCH_USER_PATHS = NO;
				CLANG_ANALYZER_NONNULL = YES;
				CLANG_ANALYZER_NUMBER_OBJECT_CONVERSION = YES_AGGRESSIVE;
				CLANG_CXX_LANGUAGE_STANDARD = "gnu++0x";
				CLANG_CXX_LIBRARY = "libc++";
				CLANG_ENABLE_MODULES = YES;
				CLANG_ENABLE_OBJC_ARC = YES;
				CLANG_WARN_BLOCK_CAPTURE_AUTORELEASING = YES;
				CLANG_WARN_BOOL_CONVERSION = YES;
				CLANG_WARN_COMMA = YES;
				CLANG_WARN_CONSTANT_CONVERSION = YES;
				CLANG_WARN_DIRECT_OBJC_ISA_USAGE = YES_ERROR;
				CLANG_WARN_DOCUMENTATION_COMMENTS = YES;
				CLANG_WARN_EMPTY_BODY = YES;
				CLANG_WARN_ENUM_CONVERSION = YES;
				CLANG_WARN_INFINITE_RECURSION = YES;
				CLANG_WARN_INT_CONVERSION = YES;
				CLANG_WARN_NON_LITERAL_NULL_CONVERSION = YES;
				CLANG_WARN_OBJC_LITERAL_CONVERSION = YES;
				CLANG_WARN_OBJC_ROOT_CLASS = YES_ERROR;
				CLANG_WARN_RANGE_LOOP_ANALYSIS = YES;
				CLANG_WARN_STRICT_PROTOTYPES = YES;
				CLANG_WARN_SUSPICIOUS_MOVE = YES;
				CLANG_WARN_UNREACHABLE_CODE = YES;
				CLANG_WARN__DUPLICATE_METHOD_MATCH = YES;
				"CODE_SIGN_IDENTITY[sdk=iphoneos*]" = "iPhone Developer";
				COPY_PHASE_STRIP = NO;
				DEBUG_INFORMATION_FORMAT = "dwarf-with-dsym";
				ENABLE_NS_ASSERTIONS = NO;
				ENABLE_STRICT_OBJC_MSGSEND = YES;
				GCC_C_LANGUAGE_STANDARD = gnu99;
				GCC_NO_COMMON_BLOCKS = YES;
				GCC_WARN_64_TO_32_BIT_CONVERSION = YES;
				GCC_WARN_ABOUT_RETURN_TYPE = YES_ERROR;
				GCC_WARN_UNDECLARED_SELECTOR = YES;
				GCC_WARN_UNINITIALIZED_AUTOS = YES_AGGRESSIVE;
				GCC_WARN_UNUSED_FUNCTION = YES;
				GCC_WARN_UNUSED_VARIABLE = YES;
				IPHONEOS_DEPLOYMENT_TARGET = 11.0;
				MTL_ENABLE_DEBUG_INFO = NO;
				SDKROOT = iphoneos;
				SWIFT_OPTIMIZATION_LEVEL = "-Owholemodule";
				SWIFT_VERSION = "";
				TARGETED_DEVICE_FAMILY = "1,2";
				VALIDATE_PRODUCT = YES;
			};
			name = Release;
		};
		A569DDA71EAA731000A32BBE /* Debug */ = {
			isa = XCBuildConfiguration;
			buildSettings = {
				ASSETCATALOG_COMPILER_APPICON_NAME = AppIcon;
				DEVELOPMENT_TEAM = P2ZWMZZ9ZS;
				INFOPLIST_FILE = "Global Discovery Vacation/Info.plist";
				IPHONEOS_DEPLOYMENT_TARGET = 11.0;
				LD_RUNPATH_SEARCH_PATHS = "$(inherited) @executable_path/Frameworks";
				PRODUCT_BUNDLE_IDENTIFIER = "com.exploregci.Global-Discovery-Vacation";
				PRODUCT_NAME = "$(TARGET_NAME)";
				SWIFT_SWIFT3_OBJC_INFERENCE = Default;
				SWIFT_VERSION = 4.0;
			};
			name = Debug;
		};
		A569DDA81EAA731000A32BBE /* Release */ = {
			isa = XCBuildConfiguration;
			buildSettings = {
				ASSETCATALOG_COMPILER_APPICON_NAME = AppIcon;
				DEVELOPMENT_TEAM = P2ZWMZZ9ZS;
				INFOPLIST_FILE = "Global Discovery Vacation/Info.plist";
				IPHONEOS_DEPLOYMENT_TARGET = 11.0;
				LD_RUNPATH_SEARCH_PATHS = "$(inherited) @executable_path/Frameworks";
				PRODUCT_BUNDLE_IDENTIFIER = "com.exploregci.Global-Discovery-Vacation";
				PRODUCT_NAME = "$(TARGET_NAME)";
				SWIFT_SWIFT3_OBJC_INFERENCE = Default;
				SWIFT_VERSION = 4.0;
			};
			name = Release;
		};
/* End XCBuildConfiguration section */

/* Begin XCConfigurationList section */
		A569DD8F1EAA731000A32BBE /* Build configuration list for PBXProject "Global Discovery Vacation" */ = {
			isa = XCConfigurationList;
			buildConfigurations = (
				A569DDA41EAA731000A32BBE /* Debug */,
				A569DDA51EAA731000A32BBE /* Release */,
			);
			defaultConfigurationIsVisible = 0;
			defaultConfigurationName = Release;
		};
		A569DDA61EAA731000A32BBE /* Build configuration list for PBXNativeTarget "Global Discovery Vacation" */ = {
			isa = XCConfigurationList;
			buildConfigurations = (
				A569DDA71EAA731000A32BBE /* Debug */,
				A569DDA81EAA731000A32BBE /* Release */,
			);
			defaultConfigurationIsVisible = 0;
			defaultConfigurationName = Release;
		};
/* End XCConfigurationList section */
	};
	rootObject = A569DD8C1EAA731000A32BBE /* Project object */;
}
